
Microsoft Visual Studio Solution File, Format Version 12.00
# Visual Studio Version 17
VisualStudioVersion = 17.0.31903.59
MinimumVisualStudioVersion = 10.0.40219.1
Project("{9A19103F-16F7-4668-BE54-9A1E7A4F7556}") = "ScreenSound", "ScreenSound\ScreenSound.csproj", "{A9CCE41C-6657-42BF-AED4-F3F578033037}"
EndProject
Project("{FAE04EC0-301F-11D3-BF4B-00C04F79EFBC}") = "ScreenSound.Shared.Modelos", "ScreenSound.Shared.Modelos\ScreenSound.Shared.Modelos.csproj", "{1C16AAE0-CA80-4831-8FFB-B532B1EB01A5}"
EndProject
Project("{FAE04EC0-301F-11D3-BF4B-00C04F79EFBC}") = "ScreenSound.Shared.Data", "ScreenSound.Shared.Data\ScreenSound.Shared.Data.csproj", "{31927B0F-9BEB-4F76-9099-A128927AA9CD}"
EndProject
Project("{FAE04EC0-301F-11D3-BF4B-00C04F79EFBC}") = "ScreenSound.API", "ScreenSound.API\ScreenSound.API.csproj", "{1499615D-C8FF-448E-8EE4-56C98A54FFD4}"
EndProject
Project("{FAE04EC0-301F-11D3-BF4B-00C04F79EFBC}") = "ScreenSound.Web", "ScreenSound.Web\ScreenSound.Web.csproj", "{37F60A48-0993-4F10-868B-E6A240163986}"
EndProject
Global
	GlobalSection(SolutionConfigurationPlatforms) = preSolution
		Debug|Any CPU = Debug|Any CPU
		Release|Any CPU = Release|Any CPU
	EndGlobalSection
	GlobalSection(ProjectConfigurationPlatforms) = postSolution
		{A9CCE41C-6657-42BF-AED4-F3F578033037}.Debug|Any CPU.ActiveCfg = Debug|Any CPU
		{A9CCE41C-6657-42BF-AED4-F3F578033037}.Debug|Any CPU.Build.0 = Debug|Any CPU
		{A9CCE41C-6657-42BF-AED4-F3F578033037}.Release|Any CPU.ActiveCfg = Release|Any CPU
		{A9CCE41C-6657-42BF-AED4-F3F578033037}.Release|Any CPU.Build.0 = Release|Any CPU
		{1C16AAE0-CA80-4831-8FFB-B532B1EB01A5}.Debug|Any CPU.ActiveCfg = Debug|Any CPU
		{1C16AAE0-CA80-4831-8FFB-B532B1EB01A5}.Debug|Any CPU.Build.0 = Debug|Any CPU
		{1C16AAE0-CA80-4831-8FFB-B532B1EB01A5}.Release|Any CPU.ActiveCfg = Release|Any CPU
		{1C16AAE0-CA80-4831-8FFB-B532B1EB01A5}.Release|Any CPU.Build.0 = Release|Any CPU
		{31927B0F-9BEB-4F76-9099-A128927AA9CD}.Debug|Any CPU.ActiveCfg = Debug|Any CPU
		{31927B0F-9BEB-4F76-9099-A128927AA9CD}.Debug|Any CPU.Build.0 = Debug|Any CPU
		{31927B0F-9BEB-4F76-9099-A128927AA9CD}.Release|Any CPU.ActiveCfg = Release|Any CPU
		{31927B0F-9BEB-4F76-9099-A128927AA9CD}.Release|Any CPU.Build.0 = Release|Any CPU
		{1499615D-C8FF-448E-8EE4-56C98A54FFD4}.Debug|Any CPU.ActiveCfg = Debug|Any CPU
		{1499615D-C8FF-448E-8EE4-56C98A54FFD4}.Debug|Any CPU.Build.0 = Debug|Any CPU
		{1499615D-C8FF-448E-8EE4-56C98A54FFD4}.Release|Any CPU.ActiveCfg = Release|Any CPU
		{1499615D-C8FF-448E-8EE4-56C98A54FFD4}.Release|Any CPU.Build.0 = Release|Any CPU
		{37F60A48-0993-4F10-868B-E6A240163986}.Debug|Any CPU.ActiveCfg = Debug|Any CPU
		{37F60A48-0993-4F10-868B-E6A240163986}.Debug|Any CPU.Build.0 = Debug|Any CPU
		{37F60A48-0993-4F10-868B-E6A240163986}.Release|Any CPU.ActiveCfg = Release|Any CPU
		{37F60A48-0993-4F10-868B-E6A240163986}.Release|Any CPU.Build.0 = Release|Any CPU
	EndGlobalSection
	GlobalSection(SolutionProperties) = preSolution
		HideSolutionNode = FALSE
	EndGlobalSection
	GlobalSection(ExtensibilityGlobals) = postSolution
		SolutionGuid = {B398C749-59A1-48C6-AF87-30DAECB32C78}
	EndGlobalSection
EndGlobal
